# THIS IS AN AUTOGENERATED FILE. DO NOT EDIT THIS FILE DIRECTLY.
# yarn lockfile v1


"@fullcalendar/core@^6.1.10":
  version "6.1.10"
  resolved "https://registry.yarnpkg.com/@fullcalendar/core/-/core-6.1.10.tgz#54eca62345243ec5b2f853102086da7200cd6f03"
  integrity sha512-oTXGJSAGpCf1oY+CKp5qYjMHkJCPBkJ3SHitl63n8Q6xKeiwQ4EF6Au451euUovREwJpLmD1AyZrCnWmtB9AVg==
  dependencies:
    preact "~10.12.1"

"@fullcalendar/daygrid@^6.1.10":
  version "6.1.10"
  resolved "https://registry.yarnpkg.com/@fullcalendar/daygrid/-/daygrid-6.1.10.tgz#1012907ac02993e9896dda08502109a85ca8c308"
  integrity sha512-Z4GRm1IyHKgxXFTWGcEI0nTsvYOIkpE0aMt3/o3ER2SZkF+hfwcDFhtj0c9+WhMjXFIWYeoTnA9rUOY7Zl/nxA==

"@fullcalendar/interaction@^6.1.10":
  version "6.1.10"
  resolved "https://registry.yarnpkg.com/@fullcalendar/interaction/-/interaction-6.1.10.tgz#9e99abd55d9f8072ad7f128e0b9fea931fbbff27"
  integrity sha512-aZRlwCpmDasq2RNeWV0ub20Uevare9Cb6iMlxCacx0fhOC14H28G9d1FsduJIecInL84SPGwt5ItqAYMsWv7zw==

preact@~10.12.1:
  version "10.12.1"
  resolved "https://registry.yarnpkg.com/preact/-/preact-10.12.1.tgz#8f9cb5442f560e532729b7d23d42fd1161354a21"
  integrity sha512-l8386ixSsBdbreOAkqtrwqHwdvR35ID8c3rKPa8lCWuO86dBi32QWHV4vfsZK1utLLFMvw+Z5Ad4XLkZzchscg==
